<?xml version="1.0" encoding="utf-8"?>
<Project ToolsVersion="4.0" xmlns="http://schemas.microsoft.com/developer/msbuild/2003">
  <ItemGroup>
    <Filter Include="File di origine">
      <UniqueIdentifier>{4FC737F1-C7A5-4376-A066-2A32D752A2FF}</UniqueIdentifier>
      <Extensions>cpp;c;cc;cxx;c++;cppm;ixx;def;odl;idl;hpj;bat;asm;asmx</Extensions>
    </Filter>
    <Filter Include="File di intestazione">
      <UniqueIdentifier>{93995380-89BD-4b04-88EB-625FBE52EBFB}</UniqueIdentifier>
      <Extensions>h;hh;hpp;hxx;h++;hm;inl;inc;ipp;xsd</Extensions>
    </Filter>
    <Filter Include="File di risorse">
      <UniqueIdentifier>{67DA6AB6-F800-4c08-8B7A-83BB121AAD01}</UniqueIdentifier>
      <Extensions>rc;ico;cur;bmp;dlg;rc2;rct;bin;rgs;gif;jpg;jpeg;jpe;resx;tiff;tif;png;wav;mfcribbon-ms</Extensions>
    </Filter>
  </ItemGroup>
  <ItemGroup>
    <ClInclude Include="src\common.h">
      <Filter>File di intestazione</Filter>
    </ClInclude>
    <ClInclude Include="src\chunk.h">
      <Filter>File di intestazione</Filter>
    </ClInclude>
    <ClInclude Include="src\memory.h">
      <Filter>File di intestazione</Filter>
    </ClInclude>
    <ClInclude Include="src\debug.h">
      <Filter>File di intestazione</Filter>
    </ClInclude>
    <ClInclude Include="src\value.h">
      <Filter>File di intestazione</Filter>
    </ClInclude>
    <ClInclude Include="src\vm.h">
      <Filter>File di intestazione</Filter>
    </ClInclude>
    <ClInclude Include="src\compiler.h">
      <Filter>File di intestazione</Filter>
    </ClInclude>
    <ClInclude Include="src\scanner.h">
      <Filter>File di intestazione</Filter>
    </ClInclude>
    <ClInclude Include="src\obj.h">
      <Filter>File di intestazione</Filter>
    </ClInclude>
    <ClInclude Include="src\table.h">
      <Filter>File di intestazione</Filter>
    </ClInclude>
    <ClInclude Include="src\native.h">
      <Filter>File di intestazione</Filter>
    </ClInclude>
  </ItemGroup>
  <ItemGroup>
    <ClCompile Include="src\chunk.c">
      <Filter>File di origine</Filter>
    </ClCompile>
    <ClCompile Include="src\memory.c">
      <Filter>File di origine</Filter>
    </ClCompile>
    <ClCompile Include="src\main.c">
      <Filter>File di origine</Filter>
    </ClCompile>
    <ClCompile Include="src\debug.c">
      <Filter>File di origine</Filter>
    </ClCompile>
    <ClCompile Include="src\value.c">
      <Filter>File di origine</Filter>
    </ClCompile>
    <ClCompile Include="src\vm.c">
      <Filter>File di origine</Filter>
    </ClCompile>
    <ClCompile Include="src\compiler.c">
      <Filter>File di origine</Filter>
    </ClCompile>
    <ClCompile Include="src\scanner.c">
      <Filter>File di origine</Filter>
    </ClCompile>
    <ClCompile Include="src\obj.c">
      <Filter>File di origine</Filter>
    </ClCompile>
    <ClCompile Include="src\table.c">
      <Filter>File di origine</Filter>
    </ClCompile>
    <ClCompile Include="src\native.c">
      <Filter>File di origine</Filter>
    </ClCompile>
  </ItemGroup>
</Project>